
Microsoft Visual Studio Solution File, Format Version 12.00
# Visual Studio Version 17
VisualStudioVersion = 17.11.35327.3
MinimumVisualStudioVersion = 10.0.40219.1
Project("{FAE04EC0-301F-11D3-BF4B-00C04F79EFBC}") = "BlazorTestProject", "BlazorTestProject.csproj", "{B8AF5940-F527-4CD9-99EA-D82AE1A03CFB}"
EndProject
Global
	GlobalSection(SolutionConfigurationPlatforms) = preSolution
		Debug|Any CPU = Debug|Any CPU
		Release|Any CPU = Release|Any CPU
	EndGlobalSection
	GlobalSection(ProjectConfigurationPlatforms) = postSolution
		{B8AF5940-F527-4CD9-99EA-D82AE1A03CFB}.Debug|Any CPU.ActiveCfg = Debug|Any CPU
		{B8AF5940-F527-4CD9-99EA-D82AE1A03CFB}.Debug|Any CPU.Build.0 = Debug|Any CPU
		{B8AF5940-F527-4CD9-99EA-D82AE1A03CFB}.Release|Any CPU.ActiveCfg = Release|Any CPU
		{B8AF5940-F527-4CD9-99EA-D82AE1A03CFB}.Release|Any CPU.Build.0 = Release|Any CPU
	EndGlobalSection
	GlobalSection(SolutionProperties) = preSolution
		HideSolutionNode = FALSE
	EndGlobalSection
	GlobalSection(ExtensibilityGlobals) = postSolution
		SolutionGuid = {EA7E1DAB-4A1E-4A33-8EA9-9993FB15D691}
	EndGlobalSection
EndGlobal
